
Microsoft Visual Studio Solution File, Format Version 12.00
# Visual Studio Version 17
VisualStudioVersion = 17.8.34330.188
MinimumVisualStudioVersion = 10.0.40219.1
Project("{FAE04EC0-301F-11D3-BF4B-00C04F79EFBC}") = "GymFit.PL", "GymFit.PL\GymFit.PL.csproj", "{58BB6CCA-DE3F-4983-B4B5-7A53D51FA586}"
EndProject
Project("{FAE04EC0-301F-11D3-BF4B-00C04F79EFBC}") = "GymFit.DAL", "GymFit.DAL\GymFit.DAL.csproj", "{C31EF411-5353-4C88-9F1F-1EB1862B0634}"
EndProject
Project("{FAE04EC0-301F-11D3-BF4B-00C04F79EFBC}") = "GymFit.BLL", "GymFit.BLL\GymFit.BLL.csproj", "{1A6A3B8A-18FC-4DB0-9333-6F8644ACCE52}"
EndProject
Global
	GlobalSection(SolutionConfigurationPlatforms) = preSolution
		Debug|Any CPU = Debug|Any CPU
		Release|Any CPU = Release|Any CPU
	EndGlobalSection
	GlobalSection(ProjectConfigurationPlatforms) = postSolution
		{58BB6CCA-DE3F-4983-B4B5-7A53D51FA586}.Debug|Any CPU.ActiveCfg = Debug|Any CPU
		{58BB6CCA-DE3F-4983-B4B5-7A53D51FA586}.Debug|Any CPU.Build.0 = Debug|Any CPU
		{58BB6CCA-DE3F-4983-B4B5-7A53D51FA586}.Release|Any CPU.ActiveCfg = Release|Any CPU
		{58BB6CCA-DE3F-4983-B4B5-7A53D51FA586}.Release|Any CPU.Build.0 = Release|Any CPU
		{C31EF411-5353-4C88-9F1F-1EB1862B0634}.Debug|Any CPU.ActiveCfg = Debug|Any CPU
		{C31EF411-5353-4C88-9F1F-1EB1862B0634}.Debug|Any CPU.Build.0 = Debug|Any CPU
		{C31EF411-5353-4C88-9F1F-1EB1862B0634}.Release|Any CPU.ActiveCfg = Release|Any CPU
		{C31EF411-5353-4C88-9F1F-1EB1862B0634}.Release|Any CPU.Build.0 = Release|Any CPU
		{1A6A3B8A-18FC-4DB0-9333-6F8644ACCE52}.Debug|Any CPU.ActiveCfg = Debug|Any CPU
		{1A6A3B8A-18FC-4DB0-9333-6F8644ACCE52}.Debug|Any CPU.Build.0 = Debug|Any CPU
		{1A6A3B8A-18FC-4DB0-9333-6F8644ACCE52}.Release|Any CPU.ActiveCfg = Release|Any CPU
		{1A6A3B8A-18FC-4DB0-9333-6F8644ACCE52}.Release|Any CPU.Build.0 = Release|Any CPU
	EndGlobalSection
	GlobalSection(SolutionProperties) = preSolution
		HideSolutionNode = FALSE
	EndGlobalSection
	GlobalSection(ExtensibilityGlobals) = postSolution
		SolutionGuid = {AF8C3F89-5732-48CF-B4AF-0639013ADEB8}
	EndGlobalSection
EndGlobal
